
Microsoft Visual Studio Solution File, Format Version 12.00
# Visual Studio Version 17
VisualStudioVersion = 17.14.36221.1 d17.14
MinimumVisualStudioVersion = 10.0.40219.1
Project("{FAE04EC0-301F-11D3-BF4B-00C04F79EFBC}") = "KeyEventsDemo", "KeyEventsDemo.csproj", "{EB23375E-7D1D-AE71-0C75-F8E97FF5D7EA}"
EndProject
Global
	GlobalSection(SolutionConfigurationPlatforms) = preSolution
		Debug|Any CPU = Debug|Any CPU
		Release|Any CPU = Release|Any CPU
	EndGlobalSection
	GlobalSection(ProjectConfigurationPlatforms) = postSolution
		{EB23375E-7D1D-AE71-0C75-F8E97FF5D7EA}.Debug|Any CPU.ActiveCfg = Debug|Any CPU
		{EB23375E-7D1D-AE71-0C75-F8E97FF5D7EA}.Debug|Any CPU.Build.0 = Debug|Any CPU
		{EB23375E-7D1D-AE71-0C75-F8E97FF5D7EA}.Debug|Any CPU.Deploy.0 = Debug|Any CPU
		{EB23375E-7D1D-AE71-0C75-F8E97FF5D7EA}.Release|Any CPU.ActiveCfg = Release|Any CPU
		{EB23375E-7D1D-AE71-0C75-F8E97FF5D7EA}.Release|Any CPU.Build.0 = Release|Any CPU
	EndGlobalSection
	GlobalSection(SolutionProperties) = preSolution
		HideSolutionNode = FALSE
	EndGlobalSection
	GlobalSection(ExtensibilityGlobals) = postSolution
		SolutionGuid = {7D7C8EFE-2FB6-46CE-8894-CA27DB629EF7}
	EndGlobalSection
EndGlobal
